
Microsoft Visual Studio Solution File, Format Version 12.00
# Visual Studio Version 17
VisualStudioVersion = 17.10.34928.147
MinimumVisualStudioVersion = 10.0.40219.1
Project("{FAE04EC0-301F-11D3-BF4B-00C04F79EFBC}") = "MauiAppTest1", "MauiAppTest1\MauiAppTest1.csproj", "{0C8D81AD-5E06-4ECE-876C-57A8A4C986B4}"
EndProject
Global
	GlobalSection(SolutionConfigurationPlatforms) = preSolution
		Debug|Any CPU = Debug|Any CPU
		Release|Any CPU = Release|Any CPU
	EndGlobalSection
	GlobalSection(ProjectConfigurationPlatforms) = postSolution
		{0C8D81AD-5E06-4ECE-876C-57A8A4C986B4}.Debug|Any CPU.ActiveCfg = Debug|Any CPU
		{0C8D81AD-5E06-4ECE-876C-57A8A4C986B4}.Debug|Any CPU.Build.0 = Debug|Any CPU
		{0C8D81AD-5E06-4ECE-876C-57A8A4C986B4}.Debug|Any CPU.Deploy.0 = Debug|Any CPU
		{0C8D81AD-5E06-4ECE-876C-57A8A4C986B4}.Release|Any CPU.ActiveCfg = Release|Any CPU
		{0C8D81AD-5E06-4ECE-876C-57A8A4C986B4}.Release|Any CPU.Build.0 = Release|Any CPU
		{0C8D81AD-5E06-4ECE-876C-57A8A4C986B4}.Release|Any CPU.Deploy.0 = Release|Any CPU
	EndGlobalSection
	GlobalSection(SolutionProperties) = preSolution
		HideSolutionNode = FALSE
	EndGlobalSection
	GlobalSection(ExtensibilityGlobals) = postSolution
		SolutionGuid = {B41DF22B-5146-4379-A92F-98CAA91FAEA3}
	EndGlobalSection
EndGlobal
